
Microsoft Visual Studio Solution File, Format Version 12.00
# Visual Studio Version 17
VisualStudioVersion = 17.5.002.0
MinimumVisualStudioVersion = 10.0.40219.1
Project("{9A19103F-16F7-4668-BE54-9A1E7A4F7556}") = "lab2", "lab2.csproj", "{F34FE6A7-21EF-43A2-A535-855A0BE767DC}"
EndProject
Global
	GlobalSection(SolutionConfigurationPlatforms) = preSolution
		Debug|Any CPU = Debug|Any CPU
		Release|Any CPU = Release|Any CPU
	EndGlobalSection
	GlobalSection(ProjectConfigurationPlatforms) = postSolution
		{F34FE6A7-21EF-43A2-A535-855A0BE767DC}.Debug|Any CPU.ActiveCfg = Debug|Any CPU
		{F34FE6A7-21EF-43A2-A535-855A0BE767DC}.Debug|Any CPU.Build.0 = Debug|Any CPU
		{F34FE6A7-21EF-43A2-A535-855A0BE767DC}.Release|Any CPU.ActiveCfg = Release|Any CPU
		{F34FE6A7-21EF-43A2-A535-855A0BE767DC}.Release|Any CPU.Build.0 = Release|Any CPU
	EndGlobalSection
	GlobalSection(SolutionProperties) = preSolution
		HideSolutionNode = FALSE
	EndGlobalSection
	GlobalSection(ExtensibilityGlobals) = postSolution
		SolutionGuid = {E235194D-A250-440B-914F-3AFC303DB834}
	EndGlobalSection
EndGlobal
